
Microsoft Visual Studio Solution File, Format Version 12.00
# Visual Studio Version 16
VisualStudioVersion = 16.0.31424.327
MinimumVisualStudioVersion = 10.0.40219.1
Project("{9A19103F-16F7-4668-BE54-9A1E7A4F7556}") = "ProductApi", "ProductApi\ProductApi.csproj", "{03A9370C-59E7-41B9-9110-E88B7EBDA44C}"
EndProject
Project("{FAE04EC0-301F-11D3-BF4B-00C04F79EFBC}") = "DaprApiCall", "DaprApiCall\DaprApiCall.csproj", "{7CFB0915-27FD-412D-8853-A20E51DAF912}"
EndProject
Global
	GlobalSection(SolutionConfigurationPlatforms) = preSolution
		Debug|Any CPU = Debug|Any CPU
		Release|Any CPU = Release|Any CPU
	EndGlobalSection
	GlobalSection(ProjectConfigurationPlatforms) = postSolution
		{03A9370C-59E7-41B9-9110-E88B7EBDA44C}.Debug|Any CPU.ActiveCfg = Debug|Any CPU
		{03A9370C-59E7-41B9-9110-E88B7EBDA44C}.Debug|Any CPU.Build.0 = Debug|Any CPU
		{03A9370C-59E7-41B9-9110-E88B7EBDA44C}.Release|Any CPU.ActiveCfg = Release|Any CPU
		{03A9370C-59E7-41B9-9110-E88B7EBDA44C}.Release|Any CPU.Build.0 = Release|Any CPU
		{7CFB0915-27FD-412D-8853-A20E51DAF912}.Debug|Any CPU.ActiveCfg = Debug|Any CPU
		{7CFB0915-27FD-412D-8853-A20E51DAF912}.Debug|Any CPU.Build.0 = Debug|Any CPU
		{7CFB0915-27FD-412D-8853-A20E51DAF912}.Release|Any CPU.ActiveCfg = Release|Any CPU
		{7CFB0915-27FD-412D-8853-A20E51DAF912}.Release|Any CPU.Build.0 = Release|Any CPU
	EndGlobalSection
	GlobalSection(SolutionProperties) = preSolution
		HideSolutionNode = FALSE
	EndGlobalSection
	GlobalSection(ExtensibilityGlobals) = postSolution
		SolutionGuid = {7BC9C066-432D-4C79-9032-B00695DD1114}
	EndGlobalSection
EndGlobal
